# This file is generated by running "yarn install" inside your project.
# Manual changes might be lost - proceed with caution!

__metadata:
  version: 4
  cacheKey: 7

"@pdf-lib/upng@npm:^1.0.1":
  version: 1.0.1
  resolution: "@pdf-lib/upng@npm:1.0.1"
  dependencies:
    pako: ^1.0.10
  checksum: d670b43c7ce2d41c6cd9190bced50044fea1d095652c4a1410e52cc88f0810c24a2e4b5b475caf92eb3d440398f6cbf1fa50b965118c1a20cb07163f820ee48f
  languageName: node
  linkType: hard

"@types/node@npm:*":
  version: 15.0.1
  resolution: "@types/node@npm:15.0.1"
  checksum: 4e4fb69394efb224272ad7c6b6dc16a381b97e46a8f3c21d33fec51ef13a4d635f571b446d127eae333ea6a763f304b787f4b3f73e24e1f3b05a21b481900dfb
  languageName: node
  linkType: hard

"@types/yauzl@npm:^2.9.1":
  version: 2.9.1
  resolution: "@types/yauzl@npm:2.9.1"
  dependencies:
    "@types/node": "*"
  checksum: de89460f6bc272f9169013f1b8add1b46e4f0740b74700d6b3422078a2f3b38de7993c24e4752312f549406898451f4de8598b4168d2a4a6f546fa9bdc09c959
  languageName: node
  linkType: hard

"agent-base@npm:6":
  version: 6.0.2
  resolution: "agent-base@npm:6.0.2"
  dependencies:
    debug: 4
  checksum: e77eff83e1308883118c7b6a866974dd4ef6be32ef7c91625d5337b13addb5699075c338942f5ecf598d7e5d179b81bf9c9fc644dfb9ca2db0facd9e6bf1238d
  languageName: node
  linkType: hard

"balanced-match@npm:^1.0.0":
  version: 1.0.2
  resolution: "balanced-match@npm:1.0.2"
  checksum: 690643f3009a04289ac401079de5a780aae452f7625fb2884051cc847b231e6521ee15dd6430b066d3cf4bd8bb00bb7ff55b7d134f34b8f0b8c043806796f94e
  languageName: node
  linkType: hard

"base64-js@npm:^1.3.1":
  version: 1.5.1
  resolution: "base64-js@npm:1.5.1"
  checksum: c1b41a26ddc6620eb7f1ee6c29c812f5942a4e328e74263f995872cfb8ca3aee08542beb25cd10fd7ef16e4f16603e25c35a26e776c01fd55277e5035e829e0e
  languageName: node
  linkType: hard

"bl@npm:^4.0.3":
  version: 4.1.0
  resolution: "bl@npm:4.1.0"
  dependencies:
    buffer: ^5.5.0
    inherits: ^2.0.4
    readable-stream: ^3.4.0
  checksum: 15d009339c2eeaedb9dab39c48f910a2fd6a9ba11400e61990917ebf3b25fa32cd9b80c7531a95467078258f6a59bd3f5d93323565423a7843855a16a1794261
  languageName: node
  linkType: hard

"brace-expansion@npm:^1.1.7":
  version: 1.1.11
  resolution: "brace-expansion@npm:1.1.11"
  dependencies:
    balanced-match: ^1.0.0
    concat-map: 0.0.1
  checksum: 4c878e25e4858baf801945dfd63eb68feab2e502cf1122f25f3915c0e3bf397af3a93ff6bef0798db41c0d81ef28c08e55daac38058710f749a3b96eee6b8f40
  languageName: node
  linkType: hard

"buffer-crc32@npm:~0.2.3":
  version: 0.2.13
  resolution: "buffer-crc32@npm:0.2.13"
  checksum: 0340e848d6fd87e49ef6f1067f31b2a8d2e71b433e9bb62ff3d9bc2499146f0be586b5b80b0d099c7110a226161b21cb6cd80162dd5a51d9ebdb03da58b99637
  languageName: node
  linkType: hard

"buffer@npm:^5.2.1, buffer@npm:^5.5.0":
  version: 5.7.1
  resolution: "buffer@npm:5.7.1"
  dependencies:
    base64-js: ^1.3.1
    ieee754: ^1.1.13
  checksum: 1750ac396eb36e0157ff5299509723ac0681338ef6cd40b039bc86d59c8b9a9494e99db992836eb6d637de0b270b53ec1a62d4a1c9faeaa51468cc340e553984
  languageName: node
  linkType: hard

"chownr@npm:^1.1.1":
  version: 1.1.4
  resolution: "chownr@npm:1.1.4"
  checksum: 4a7f1a0b2637450fd15ddb085b10649487ddd1d59a8d9335b1aa5b1e9ad55840a591ab7d7f9b568001cb6777d017334477ab2e32e048788b13a069d011cd5781
  languageName: node
  linkType: hard

"concat-map@npm:0.0.1":
  version: 0.0.1
  resolution: "concat-map@npm:0.0.1"
  checksum: 554e28d9ee5aa6e061795473ee092cb3d3a2cbdb76c35416e0bb6e03f136d7d07676da387b2ed0ec4106cedbb6534080d9abc48ecc4a92b76406cf2d0c3c0c4b
  languageName: node
  linkType: hard

"crystalorb-demo-generate-screencapture@workspace:.":
  version: 0.0.0-use.local
  resolution: "crystalorb-demo-generate-screencapture@workspace:."
  dependencies:
    "@pdf-lib/upng": ^1.0.1
    puppeteer: ^9.0.0
  languageName: unknown
  linkType: soft

"debug@npm:4, debug@npm:^4.1.0, debug@npm:^4.1.1":
  version: 4.3.2
  resolution: "debug@npm:4.3.2"
  dependencies:
    ms: 2.1.2
  peerDependenciesMeta:
    supports-color:
      optional: true
  checksum: 5543570879e2274f6725d4285a034d6e0822d35faefc6f55965933fb440e8c21eb3a0bef934e66f4b6b491f898ee2de37cab980e9d4fd61372136c19d3ce4527
  languageName: node
  linkType: hard

"devtools-protocol@npm:0.0.869402":
  version: 0.0.869402
  resolution: "devtools-protocol@npm:0.0.869402"
  checksum: 6cc3e031d66a6fb55220a660c601b6cde6235eb0e7a96c53b98f138b5789ee3eab5ab8d7d818b9bca285cef1cd7a3ac446b7a142c774e96e08137674b0061727
  languageName: node
  linkType: hard

"end-of-stream@npm:^1.1.0, end-of-stream@npm:^1.4.1":
  version: 1.4.4
  resolution: "end-of-stream@npm:1.4.4"
  dependencies:
    once: ^1.4.0
  checksum: 7da60e458bdb5e16c006a45e85ef3bc1e3791db5ba275b0913258ccddc8899acb9252c4ddbcce87bd1b46e2a3f97315aafb9f0c0330e8aac44defb504a9d3ccd
  languageName: node
  linkType: hard

"extract-zip@npm:^2.0.0":
  version: 2.0.1
  resolution: "extract-zip@npm:2.0.1"
  dependencies:
    "@types/yauzl": ^2.9.1
    debug: ^4.1.1
    get-stream: ^5.1.0
    yauzl: ^2.10.0
  dependenciesMeta:
    "@types/yauzl":
      optional: true
  bin:
    extract-zip: cli.js
  checksum: 1217e48d659bf589a7ffaf6fa01fd868d619d1be46ef3dd6526cd17614a2d3a7d1bd5d5ebef81461000cd86fb32a0c9827b466650e98d55efc1fb5ee85f4716a
  languageName: node
  linkType: hard

"fd-slicer@npm:~1.1.0":
  version: 1.1.0
  resolution: "fd-slicer@npm:1.1.0"
  dependencies:
    pend: ~1.2.0
  checksum: ec759b16aea613f79540b450ffc278dcb927dccf55c89a364b68547441bec776d637f0a53aee9c9c70683406e4fc4b3aff29b1732bb388f9fa6ba200e8a79caa
  languageName: node
  linkType: hard

"find-up@npm:^4.0.0":
  version: 4.1.0
  resolution: "find-up@npm:4.1.0"
  dependencies:
    locate-path: ^5.0.0
    path-exists: ^4.0.0
  checksum: d612d28e02eaca6cd7128fc9bc9b456e2547a3f9875b2b2ae2dbdc6b8cec52bc2885efcb3ac6c18954e838f4c8e20565d196784b190e1d38565f9dc39aade722
  languageName: node
  linkType: hard

"fs-constants@npm:^1.0.0":
  version: 1.0.0
  resolution: "fs-constants@npm:1.0.0"
  checksum: b8382395f555012591b20bddf08d258723f660b4e7312943d10431a893e2af879295fefc15a917df43c9ed52d80d2f014c0ca8ca359367969be5c8a133e39742
  languageName: node
  linkType: hard

"fs.realpath@npm:^1.0.0":
  version: 1.0.0
  resolution: "fs.realpath@npm:1.0.0"
  checksum: 698a91b1695e3926185c9e5b0dd57cf687dceb4eb73799af91e6b2ab741735e2962c366c5af6403ffddae2619914193bd339efa706fdc984d0ffc74b7a3603f4
  languageName: node
  linkType: hard

"get-stream@npm:^5.1.0":
  version: 5.2.0
  resolution: "get-stream@npm:5.2.0"
  dependencies:
    pump: ^3.0.0
  checksum: c71c5625f4573a33823371da253b4183df6bdb28cb678d03bab9b5f91626d92d6f3f5ae2404c5efdc1248fbb82204e4dae4283c7ff3cc14e505754f9f748f217
  languageName: node
  linkType: hard

"glob@npm:^7.1.3":
  version: 7.1.6
  resolution: "glob@npm:7.1.6"
  dependencies:
    fs.realpath: ^1.0.0
    inflight: ^1.0.4
    inherits: 2
    minimatch: ^3.0.4
    once: ^1.3.0
    path-is-absolute: ^1.0.0
  checksum: 789977b52432865bd63846da5c75a6efc2c56abdc0cb5ffcdb8e91eeb67a58fa5594c1195d18b2b4aff99675b0739ed6bd61024b26562e0cca18c8f993efdc82
  languageName: node
  linkType: hard

"https-proxy-agent@npm:^5.0.0":
  version: 5.0.0
  resolution: "https-proxy-agent@npm:5.0.0"
  dependencies:
    agent-base: 6
    debug: 4
  checksum: 18aa04ea08cc069fa0c83d03475d1bc43e13bfa43d5cffc0c3a07430f755e1ac914049570302775adac82aa5a779643ef2c6c270c057d7a8523a7f6f46b4866a
  languageName: node
  linkType: hard

"ieee754@npm:^1.1.13":
  version: 1.2.1
  resolution: "ieee754@npm:1.2.1"
  checksum: 6c1cfab995ecab3b0dbb6cfb7e192686eb02f0f8e788f2d962e1fc02e2d5ab38a85e06d417221f136bd029663a77cdb920d99605d68d3730a05597dd7910426a
  languageName: node
  linkType: hard

"inflight@npm:^1.0.4":
  version: 1.0.6
  resolution: "inflight@npm:1.0.6"
  dependencies:
    once: ^1.3.0
    wrappy: 1
  checksum: 17c53fc42cbe7f7f471d2bc41b97a0cde4b79a74d5ff59997d3f75210566fa278e17596da526d43de2bd07e222706240ce50e60097e54f2cde2e64cbbb372638
  languageName: node
  linkType: hard

"inherits@npm:2, inherits@npm:^2.0.3, inherits@npm:^2.0.4":
  version: 2.0.4
  resolution: "inherits@npm:2.0.4"
  checksum: 98426da247ddfc3dcd7d7daedd90c3ca32d5b08deca08949726f12d49232aef94772a07b36cf4ff833e105ae2ef931777f6de4a6dd8245a216b9299ad4a50bea
  languageName: node
  linkType: hard

"locate-path@npm:^5.0.0":
  version: 5.0.0
  resolution: "locate-path@npm:5.0.0"
  dependencies:
    p-locate: ^4.1.0
  checksum: c58f49d45c8672d0a290dea0ce41fcb27205b3f2d61452ba335ef3b42ad36c10c31b1f061b46d96dd4b81e9a00e8a2897bc124d75623b80a9f6d36b1e754a6b5
  languageName: node
  linkType: hard

"minimatch@npm:^3.0.4":
  version: 3.0.4
  resolution: "minimatch@npm:3.0.4"
  dependencies:
    brace-expansion: ^1.1.7
  checksum: 47eab9263962cacd5733e274ecad2d8e54b0f8e124ba35ae69189e296058f634a4967b87a98954f86fa5c830ff177caf827ce0136d28717ed3232951fb4fae62
  languageName: node
  linkType: hard

"mkdirp-classic@npm:^0.5.2":
  version: 0.5.3
  resolution: "mkdirp-classic@npm:0.5.3"
  checksum: b3c46c62840bdc82c2a5bee417e4e7518a8109d32a85a6dc67bdcfecbe6aff5cfc73cdb98844a61178ddd8ac75743f977857f0badd6e12d14fd18cf1639e41a1
  languageName: node
  linkType: hard

"ms@npm:2.1.2":
  version: 2.1.2
  resolution: "ms@npm:2.1.2"
  checksum: 9b65fb709bc30c0c07289dcbdb61ca032acbb9ea5698b55fa62e2cebb04c5953f1876a1f3f7f4bc2e91d4bf4d86003f3e207c3bc6ee2f716f99827e62389cd0e
  languageName: node
  linkType: hard

"node-fetch@npm:^2.6.1":
  version: 2.6.1
  resolution: "node-fetch@npm:2.6.1"
  checksum: cbb171635e538162b977eac5dfe7a1e07a9a02e991924377a6435502291e2f823d306b95aabc455caebf4a118ccf836868462bc70ccc3095af02bb9da61fda37
  languageName: node
  linkType: hard

"once@npm:^1.3.0, once@npm:^1.3.1, once@npm:^1.4.0":
  version: 1.4.0
  resolution: "once@npm:1.4.0"
  dependencies:
    wrappy: 1
  checksum: 57afc246536cf6494437f982b26475f22bee860f8b77ce8eb1543f42a8bffe04b2c66ddfea9a16cb25ccb80943f8ee4fc639367ef97b7a6a4f2672eb573963f5
  languageName: node
  linkType: hard

"p-limit@npm:^2.2.0":
  version: 2.3.0
  resolution: "p-limit@npm:2.3.0"
  dependencies:
    p-try: ^2.0.0
  checksum: 5f20492a25c5f93fca2930dbbf41fa1bee46ef70eaa6b49ad1f7b963f309e599bc40507e0a3a531eee4bcd10fec4dd4a63291d0e3b2d84ac97d7403d43d271a9
  languageName: node
  linkType: hard

"p-locate@npm:^4.1.0":
  version: 4.1.0
  resolution: "p-locate@npm:4.1.0"
  dependencies:
    p-limit: ^2.2.0
  checksum: 57f9abef0b29f02ff88c0936a392c9a1fbdd08169e636e0d85b7407c108014d71578c0c6fe93fa49b5bf3857b20d6f16b96389e2b356f7f599d4d2150505844f
  languageName: node
  linkType: hard

"p-try@npm:^2.0.0":
  version: 2.2.0
  resolution: "p-try@npm:2.2.0"
  checksum: 20983f3765466c1ab617ed153cb53b70ac5df828d854a3334d185e20b37f436e9096f12bc1b7fc96d8908dc927a3685172d3d89e755774f57b7103460c54dcc5
  languageName: node
  linkType: hard

"pako@npm:^1.0.10":
  version: 1.0.11
  resolution: "pako@npm:1.0.11"
  checksum: 71c60150b68220ec52a404f3c39a4ed38f750e42452b88fe0eb2e6b5c98e91f73f706444359b097aca1e6db83ef8fef50b5a9ec100e30a606cda6da8d45e5439
  languageName: node
  linkType: hard

"path-exists@npm:^4.0.0":
  version: 4.0.0
  resolution: "path-exists@npm:4.0.0"
  checksum: 6ab15000c5bea4f3e6e6b651983276e27ee42907ea29f5bd68f0d5c425c22f1664ab53c355099723f59b0bfd31aa52d29ea499e1843bf62543e045698f4c77b2
  languageName: node
  linkType: hard

"path-is-absolute@npm:^1.0.0":
  version: 1.0.1
  resolution: "path-is-absolute@npm:1.0.1"
  checksum: 907e1e3e6ac0aef6e65adffd75b3892191d76a5b94c5cf26b43667c4240531d11872ca6979c209b2e5e1609f7f579d02f64ba9936b48bb59d36cc529f0d965ed
  languageName: node
  linkType: hard

"pend@npm:~1.2.0":
  version: 1.2.0
  resolution: "pend@npm:1.2.0"
  checksum: 35da01b2aa52458fbda2dceaeb5305c0d6c7262beca67d9f4c97bd70e4a8f4457f5fa01ffea3b3f786fb310b9b3b98515c52de3d7ae0b50dfb50b2a2d38d042b
  languageName: node
  linkType: hard

"pkg-dir@npm:^4.2.0":
  version: 4.2.0
  resolution: "pkg-dir@npm:4.2.0"
  dependencies:
    find-up: ^4.0.0
  checksum: 1956ebf3cf5cc36a5d20e93851fcadd5a786774eb08667078561e72e0ab8ace91fc36a028d5305f0bfe7c89f9bf51886e2a3c8cb2c2620accfa3feb8da3c256b
  languageName: node
  linkType: hard

"progress@npm:^2.0.1":
  version: 2.0.3
  resolution: "progress@npm:2.0.3"
  checksum: c46ef5a1de4d527dfd32fe56a7df0c1c8b420a4c02617196813bf7f10ac7c2a929afc265d44fdd68f5c439a7e7cb3d70d569716c82d6b4148ec72089860a1312
  languageName: node
  linkType: hard

"proxy-from-env@npm:^1.1.0":
  version: 1.1.0
  resolution: "proxy-from-env@npm:1.1.0"
  checksum: 6459372a57f3e8ef5211f7847ca2fffabcdd6490005892fcc0dcd62fe2b3551900c8a07fad7df9de3897547b1ab4ac7a7197964cd6fa7e76303caa4936bfaf32
  languageName: node
  linkType: hard

"pump@npm:^3.0.0":
  version: 3.0.0
  resolution: "pump@npm:3.0.0"
  dependencies:
    end-of-stream: ^1.1.0
    once: ^1.3.1
  checksum: 5464d5cf6c6f083cc60cb45b074fb9a4a92ba4d3e0d89e9b2fa1906d8151fd3766784a426725ccf1af50d1c29963ac20b13829933549830e08a6704e3f95e08c
  languageName: node
  linkType: hard

"puppeteer@npm:^9.0.0":
  version: 9.0.0
  resolution: "puppeteer@npm:9.0.0"
  dependencies:
    debug: ^4.1.0
    devtools-protocol: 0.0.869402
    extract-zip: ^2.0.0
    https-proxy-agent: ^5.0.0
    node-fetch: ^2.6.1
    pkg-dir: ^4.2.0
    progress: ^2.0.1
    proxy-from-env: ^1.1.0
    rimraf: ^3.0.2
    tar-fs: ^2.0.0
    unbzip2-stream: ^1.3.3
    ws: ^7.2.3
  checksum: 35af7ab296f91cac69be93d99914b5b6c7fc8d5f38f5b3484c4fb917d34b4f819d93795580f8052793236414069f613469a208e23ba86e6f65ed812504be57dd
  languageName: node
  linkType: hard

"readable-stream@npm:^3.1.1, readable-stream@npm:^3.4.0":
  version: 3.6.0
  resolution: "readable-stream@npm:3.6.0"
  dependencies:
    inherits: ^2.0.3
    string_decoder: ^1.1.1
    util-deprecate: ^1.0.1
  checksum: f178b1daa80d9e58ebba71dbb08486430aa6f0dea3a22a1b7401f3f6983077d0bc0edea43099db06b8d006c9ad48d6383e8fb72c05d5b187670aeaf1b9b44f00
  languageName: node
  linkType: hard

"rimraf@npm:^3.0.2":
  version: 3.0.2
  resolution: "rimraf@npm:3.0.2"
  dependencies:
    glob: ^7.1.3
  bin:
    rimraf: bin.js
  checksum: f0de3e445581e64a8a077af476cc30708e659f5779ec2ca2a161556d0792aa318a685923798ae22055b4ecd02b9aff444ef619578f7af53cf8e0e248031e3dee
  languageName: node
  linkType: hard

"safe-buffer@npm:~5.2.0":
  version: 5.2.1
  resolution: "safe-buffer@npm:5.2.1"
  checksum: 0bb57f0d8f9d1fa4fe35ad8a2db1f83a027d48f2822d59ede88fd5cd4ddad83c0b497213feb7a70fbf90597a70c5217f735b0eb1850df40ce9b4ae81dd22b3f9
  languageName: node
  linkType: hard

"string_decoder@npm:^1.1.1":
  version: 1.3.0
  resolution: "string_decoder@npm:1.3.0"
  dependencies:
    safe-buffer: ~5.2.0
  checksum: 0a09afb610cb538707fcf0a50a080f159040529eabdba82f23b04f1d1f90adf9ba18cc3800231c6ab2ee55dece047f4bed87c56da52b2afd85c3c7fb73eb7e48
  languageName: node
  linkType: hard

"tar-fs@npm:^2.0.0":
  version: 2.1.1
  resolution: "tar-fs@npm:2.1.1"
  dependencies:
    chownr: ^1.1.1
    mkdirp-classic: ^0.5.2
    pump: ^3.0.0
    tar-stream: ^2.1.4
  checksum: 4739382487b6ed646670a52cac637c818ecdceb728eb4718847dfdaddd7322d8cce2ea9db160ba8ad2920194034fda7c307b44f4eeb50d244f198bd7e28f2914
  languageName: node
  linkType: hard

"tar-stream@npm:^2.1.4":
  version: 2.2.0
  resolution: "tar-stream@npm:2.2.0"
  dependencies:
    bl: ^4.0.3
    end-of-stream: ^1.4.1
    fs-constants: ^1.0.0
    inherits: ^2.0.3
    readable-stream: ^3.1.1
  checksum: 7eec0a7fc8d0337729c1c2356d567a7527141d6ba0dd4804db979e17fc6389163e70fd4abdb855fc5ab54b944aeff7988e35e95ab6cee34a4156ca2d42980576
  languageName: node
  linkType: hard

"through@npm:^2.3.8":
  version: 2.3.8
  resolution: "through@npm:2.3.8"
  checksum: 918d9151680b5355990011eb8c4b02e8cb8cf6e9fb6ea3d3e5a1faa688343789e261634ae35de4ea9167ab029d1e7bac6af2fe61b843931768d405fdc3e8897c
  languageName: node
  linkType: hard

"unbzip2-stream@npm:^1.3.3":
  version: 1.4.3
  resolution: "unbzip2-stream@npm:1.4.3"
  dependencies:
    buffer: ^5.2.1
    through: ^2.3.8
  checksum: 779446eed1d66898a9cb5c674826a68ecef4d49861dec438e0720767a4151b463659af570deb70f416a41185be81ce99360ddc002c03ea44baaa42191194ef5a
  languageName: node
  linkType: hard

"util-deprecate@npm:^1.0.1":
  version: 1.0.2
  resolution: "util-deprecate@npm:1.0.2"
  checksum: 73c2b1cf0210ccac300645384d8443cabbd93194117b2dc1b3bae8d8279ad39aedac857e020c4ea505e96a1045059c7359db3df6a9df0be6b8584166c9d61dc9
  languageName: node
  linkType: hard

"wrappy@npm:1":
  version: 1.0.2
  resolution: "wrappy@npm:1.0.2"
  checksum: 519fcda0fcdf0c16327be2de9d98646742307bc830277e8868529fcf7566f2b330a6453c233e0cdcb767d5838dd61a90984a02ecc983bcddebea5ad0833bbf98
  languageName: node
  linkType: hard

"ws@npm:^7.2.3":
  version: 7.4.5
  resolution: "ws@npm:7.4.5"
  peerDependencies:
    bufferutil: ^4.0.1
    utf-8-validate: ^5.0.2
  peerDependenciesMeta:
    bufferutil:
      optional: true
    utf-8-validate:
      optional: true
  checksum: 20731aa1075336b94677f6741b674469c3c7fce9b70115bb535827c7c108a9d714f0b38ce39289b63c652870f9801afaf096f8aab32da96be62d919e80e4ed32
  languageName: node
  linkType: hard

"yauzl@npm:^2.10.0":
  version: 2.10.0
  resolution: "yauzl@npm:2.10.0"
  dependencies:
    buffer-crc32: ~0.2.3
    fd-slicer: ~1.1.0
  checksum: 6d0c4e72706ec2df6ea842d09c792e7b34badc5db3d8a893e0c70d0e464c9bf82bac4b1690f3515b5e1d96b72fceb6cc4dd96465426077ba6dddc54e7dd4d517
  languageName: node
  linkType: hard
